// !$*UTF8*$!
{
	archiveVersion = 1;
	classes = {
	};
	objectVersion = 46;
	objects = {

/* Begin PBXBuildFile section */
		892624231AC532E300A1AF4C /* main.m in Sources */ = {isa = PBXBuildFile; fileRef = 892624221AC532E300A1AF4C /* main.m */; };
/* End PBXBuildFile section */

/* Begin PBXCopyFilesBuildPhase section */
		8926241D1AC532E300A1AF4C /* CopyFiles */ = {
			isa = PBXCopyFilesBuildPhase;
			buildActionMask = 2147483647;
			dstPath = /usr/share/man/man1/;
			dstSubfolderSpec = 0;
			files = (
			);
			runOnlyForDeploymentPostprocessing = 1;
		};
/* End PBXCopyFilesBuildPhase section */

/* Begin PBXFileReference section */
		8926241F1AC532E300A1AF4C /* Ch26ImageFetch */ = {isa = PBXFileReference; explicitFileType = "compiled.mach-o.executable"; includeInIndex = 0; path = Ch26ImageFetch; sourceTree = BUILT_PRODUCTS_DIR; };
		892624221AC532E300A1AF4C /* main.m */ = {isa = PBXFileReference; lastKnownFileType = sourcecode.c.objc; path = main.m; sourceTree = "<group>"; };
/* End PBXFileReference section */

/* Begin PBXFrameworksBuildPhase section */
		8926241C1AC532E300A1AF4C /* Frameworks */ = {
			isa = PBXFrameworksBuildPhase;
			buildActionMask = 2147483647;
			files = (
			);
			runOnlyForDeploymentPostprocessing = 0;
		};
/* End PBXFrameworksBuildPhase section */

/* Begin PBXGroup section */
		892624161AC532E300A1AF4C = {
			isa = PBXGroup;
			children = (
				892624211AC532E300A1AF4C /* Ch26ImageFetch */,
				892624201AC532E300A1AF4C /* Products */,
			);
			sourceTree = "<group>";
		};
		892624201AC532E300A1AF4C /* Products */ = {
			isa = PBXGroup;
			children = (
				8926241F1AC532E300A1AF4C /* Ch26ImageFetch */,
			);
			name = Products;
			sourceTree = "<group>";
		};
		892624211AC532E300A1AF4C /* Ch26ImageFetch */ = {
			isa = PBXGroup;
			children = (
				892624221AC532E300A1AF4C /* main.m */,
			);
			path = Ch26ImageFetch;
			sourceTree = "<group>";
		};
/* End PBXGroup section */

/* Begin PBXNativeTarget section */
		8926241E1AC532E300A1AF4C /* Ch26ImageFetch */ = {
			isa = PBXNativeTarget;
			buildConfigurationList = 892624261AC532E300A1AF4C /* Build configuration list for PBXNativeTarget "Ch26ImageFetch" */;
			buildPhases = (
				8926241B1AC532E300A1AF4C /* Sources */,
				8926241C1AC532E300A1AF4C /* Frameworks */,
				8926241D1AC532E300A1AF4C /* CopyFiles */,
			);
			buildRules = (
			);
			dependencies = (
			);
			name = Ch26ImageFetch;
			productName = Ch26ImageFetch;
			productReference = 8926241F1AC532E300A1AF4C /* Ch26ImageFetch */;
			productType = "com.apple.product-type.tool";
		};
/* End PBXNativeTarget section */

/* Begin PBXProject section */
		892624171AC532E300A1AF4C /* Project object */ = {
			isa = PBXProject;
			attributes = {
				LastUpgradeCheck = 0620;
				ORGANIZATIONNAME = "Xiao Lu";
				TargetAttributes = {
					8926241E1AC532E300A1AF4C = {
						CreatedOnToolsVersion = 6.2;
					};
				};
			};
			buildConfigurationList = 8926241A1AC532E300A1AF4C /* Build configuration list for PBXProject "Ch26ImageFetch" */;
			compatibilityVersion = "Xcode 3.2";
			developmentRegion = English;
			hasScannedForEncodings = 0;
			knownRegions = (
				en,
			);
			mainGroup = 892624161AC532E300A1AF4C;
			productRefGroup = 892624201AC532E300A1AF4C /* Products */;
			projectDirPath = "";
			projectRoot = "";
			targets = (
				8926241E1AC532E300A1AF4C /* Ch26ImageFetch */,
			);
		};
/* End PBXProject section */

/* Begin PBXSourcesBuildPhase section */
		8926241B1AC532E300A1AF4C /* Sources */ = {
			isa = PBXSourcesBuildPhase;
			buildActionMask = 2147483647;
			files = (
				892624231AC532E300A1AF4C /* main.m in Sources */,
			);
			runOnlyForDeploymentPostprocessing = 0;
		};
/* End PBXSourcesBuildPhase section */

/* Begin XCBuildConfiguration section */
		892624241AC532E300A1AF4C /* Debug */ = {
			isa = XCBuildConfiguration;
			buildSettings = {
				ALWAYS_SEARCH_USER_PATHS = NO;
				CLANG_CXX_LANGUAGE_STANDARD = "gnu++0x";
				CLANG_CXX_LIBRARY = "libc++";
				CLANG_ENABLE_MODULES = YES;
				CLANG_ENABLE_OBJC_ARC = YES;
				CLANG_WARN_BOOL_CONVERSION = YES;
				CLANG_WARN_CONSTANT_CONVERSION = YES;
				CLANG_WARN_DIRECT_OBJC_ISA_USAGE = YES_ERROR;
				CLANG_WARN_EMPTY_BODY = YES;
				CLANG_WARN_ENUM_CONVERSION = YES;
				CLANG_WARN_INT_CONVERSION = YES;
				CLANG_WARN_OBJC_ROOT_CLASS = YES_ERROR;
				CLANG_WARN_UNREACHABLE_CODE = YES;
				CLANG_WARN__DUPLICATE_METHOD_MATCH = YES;
				COPY_PHASE_STRIP = NO;
				ENABLE_STRICT_OBJC_MSGSEND = YES;
				GCC_C_LANGUAGE_STANDARD = gnu99;
				GCC_DYNAMIC_NO_PIC = NO;
				GCC_OPTIMIZATION_LEVEL = 0;
				GCC_PREPROCESSOR_DEFINITIONS = (
					"DEBUG=1",
					"$(inherited)",
				);
				GCC_SYMBOLS_PRIVATE_EXTERN = NO;
				GCC_WARN_64_TO_32_BIT_CONVERSION = YES;
				GCC_WARN_ABOUT_RETURN_TYPE = YES_ERROR;
				GCC_WARN_UNDECLARED_SELECTOR = YES;
				GCC_WARN_UNINITIALIZED_AUTOS = YES_AGGRESSIVE;
				GCC_WARN_UNUSED_FUNCTION = YES;
				GCC_WARN_UNUSED_VARIABLE = YES;
				MACOSX_DEPLOYMENT_TARGET = 10.10;
				MTL_ENABLE_DEBUG_INFO = YES;
				ONLY_ACTIVE_ARCH = YES;
				SDKROOT = macosx;
			};
			name = Debug;
		};
		892624251AC532E300A1AF4C /* Release */ = {
			isa = XCBuildConfiguration;
			buildSettings = {
				ALWAYS_SEARCH_USER_PATHS = NO;
				CLANG_CXX_LANGUAGE_STANDARD = "gnu++0x";
				CLANG_CXX_LIBRARY = "libc++";
				CLANG_ENABLE_MODULES = YES;
				CLANG_ENABLE_OBJC_ARC = YES;
				CLANG_WARN_BOOL_CONVERSION = YES;
				CLANG_WARN_CONSTANT_CONVERSION = YES;
				CLANG_WARN_DIRECT_OBJC_ISA_USAGE = YES_ERROR;
				CLANG_WARN_EMPTY_BODY = YES;
				CLANG_WARN_ENUM_CONVERSION = YES;
				CLANG_WARN_INT_CONVERSION = YES;
				CLANG_WARN_OBJC_ROOT_CLASS = YES_ERROR;
				CLANG_WARN_UNREACHABLE_CODE = YES;
				CLANG_WARN__DUPLICATE_METHOD_MATCH = YES;
				COPY_PHASE_STRIP = NO;
				DEBUG_INFORMATION_FORMAT = "dwarf-with-dsym";
				ENABLE_NS_ASSERTIONS = NO;
				ENABLE_STRICT_OBJC_MSGSEND = YES;
				GCC_C_LANGUAGE_STANDARD = gnu99;
				GCC_WARN_64_TO_32_BIT_CONVERSION = YES;
				GCC_WARN_ABOUT_RETURN_TYPE = YES_ERROR;
				GCC_WARN_UNDECLARED_SELECTOR = YES;
				GCC_WARN_UNINITIALIZED_AUTOS = YES_AGGRESSIVE;
				GCC_WARN_UNUSED_FUNCTION = YES;
				GCC_WARN_UNUSED_VARIABLE = YES;
				MACOSX_DEPLOYMENT_TARGET = 10.10;
				MTL_ENABLE_DEBUG_INFO = NO;
				SDKROOT = macosx;
			};
			name = Release;
		};
		892624271AC532E300A1AF4C /* Debug */ = {
			isa = XCBuildConfiguration;
			buildSettings = {
				PRODUCT_NAME = "$(TARGET_NAME)";
			};
			name = Debug;
		};
		892624281AC532E300A1AF4C /* Release */ = {
			isa = XCBuildConfiguration;
			buildSettings = {
				PRODUCT_NAME = "$(TARGET_NAME)";
			};
			name = Release;
		};
/* End XCBuildConfiguration section */

/* Begin XCConfigurationList section */
		8926241A1AC532E300A1AF4C /* Build configuration list for PBXProject "Ch26ImageFetch" */ = {
			isa = XCConfigurationList;
			buildConfigurations = (
				892624241AC532E300A1AF4C /* Debug */,
				892624251AC532E300A1AF4C /* Release */,
			);
			defaultConfigurationIsVisible = 0;
			defaultConfigurationName = Release;
		};
		892624261AC532E300A1AF4C /* Build configuration list for PBXNativeTarget "Ch26ImageFetch" */ = {
			isa = XCConfigurationList;
			buildConfigurations = (
				892624271AC532E300A1AF4C /* Debug */,
				892624281AC532E300A1AF4C /* Release */,
			);
			defaultConfigurationIsVisible = 0;
		};
/* End XCConfigurationList section */
	};
	rootObject = 892624171AC532E300A1AF4C /* Project object */;
}
